// !$*UTF8*$!
{
	archiveVersion = 1;
	classes = {
	};
	objectVersion = 55;
	objects = {

/* Begin PBXBuildFile section */
		EB0972FF2BA0D6A000EAD750 /* Tests_iOS.swift in Sources */ = {isa = PBXBuildFile; fileRef = EB0972FE2BA0D6A000EAD750 /* Tests_iOS.swift */; };
		EB0973012BA0D6A000EAD750 /* Tests_iOSLaunchTests.swift in Sources */ = {isa = PBXBuildFile; fileRef = EB0973002BA0D6A000EAD750 /* Tests_iOSLaunchTests.swift */; };
		EB09730B2BA0D6A000EAD750 /* Tests_macOS.swift in Sources */ = {isa = PBXBuildFile; fileRef = EB09730A2BA0D6A000EAD750 /* Tests_macOS.swift */; };
		EB09730D2BA0D6A000EAD750 /* Tests_macOSLaunchTests.swift in Sources */ = {isa = PBXBuildFile; fileRef = EB09730C2BA0D6A000EAD750 /* Tests_macOSLaunchTests.swift */; };
		EB09730E2BA0D6A000EAD750 /* NewsfeedUIApp.swift in Sources */ = {isa = PBXBuildFile; fileRef = EB0972E62BA0D69E00EAD750 /* NewsfeedUIApp.swift */; };
		EB09730F2BA0D6A000EAD750 /* NewsfeedUIApp.swift in Sources */ = {isa = PBXBuildFile; fileRef = EB0972E62BA0D69E00EAD750 /* NewsfeedUIApp.swift */; };
		EB0973102BA0D6A000EAD750 /* ContentView.swift in Sources */ = {isa = PBXBuildFile; fileRef = EB0972E72BA0D69E00EAD750 /* ContentView.swift */; };
		EB0973112BA0D6A000EAD750 /* ContentView.swift in Sources */ = {isa = PBXBuildFile; fileRef = EB0972E72BA0D69E00EAD750 /* ContentView.swift */; };
		EB0973122BA0D6A000EAD750 /* Assets.xcassets in Resources */ = {isa = PBXBuildFile; fileRef = EB0972E82BA0D6A000EAD750 /* Assets.xcassets */; };
		EB0973132BA0D6A000EAD750 /* Assets.xcassets in Resources */ = {isa = PBXBuildFile; fileRef = EB0972E82BA0D6A000EAD750 /* Assets.xcassets */; };
		EB0973232BA0D73D00EAD750 /* RemoteImage.swift in Sources */ = {isa = PBXBuildFile; fileRef = EB0973222BA0D73D00EAD750 /* RemoteImage.swift */; };
		EB0973242BA0D73D00EAD750 /* RemoteImage.swift in Sources */ = {isa = PBXBuildFile; fileRef = EB0973222BA0D73D00EAD750 /* RemoteImage.swift */; };
		EB0973262BA0D87800EAD750 /* WebView.swift in Sources */ = {isa = PBXBuildFile; fileRef = EB0973252BA0D87800EAD750 /* WebView.swift */; };
		EB0973272BA0D87800EAD750 /* WebView.swift in Sources */ = {isa = PBXBuildFile; fileRef = EB0973252BA0D87800EAD750 /* WebView.swift */; };
		EB0973292BA0D8A400EAD750 /* CarouselView.swift in Sources */ = {isa = PBXBuildFile; fileRef = EB0973282BA0D8A400EAD750 /* CarouselView.swift */; };
		EB09732A2BA0D8A400EAD750 /* CarouselView.swift in Sources */ = {isa = PBXBuildFile; fileRef = EB0973282BA0D8A400EAD750 /* CarouselView.swift */; };
		EB09732C2BA0D8BE00EAD750 /* CategoryItem.swift in Sources */ = {isa = PBXBuildFile; fileRef = EB09732B2BA0D8BE00EAD750 /* CategoryItem.swift */; };
		EB09732D2BA0D8BE00EAD750 /* CategoryItem.swift in Sources */ = {isa = PBXBuildFile; fileRef = EB09732B2BA0D8BE00EAD750 /* CategoryItem.swift */; };
		EB09732F2BA0D8DC00EAD750 /* CategoryRow.swift in Sources */ = {isa = PBXBuildFile; fileRef = EB09732E2BA0D8DC00EAD750 /* CategoryRow.swift */; };
		EB0973302BA0D8DC00EAD750 /* CategoryRow.swift in Sources */ = {isa = PBXBuildFile; fileRef = EB09732E2BA0D8DC00EAD750 /* CategoryRow.swift */; };
		EB0973352BA0D91500EAD750 /* DetailView.swift in Sources */ = {isa = PBXBuildFile; fileRef = EB0973342BA0D91500EAD750 /* DetailView.swift */; };
		EB0973362BA0D91500EAD750 /* DetailView.swift in Sources */ = {isa = PBXBuildFile; fileRef = EB0973342BA0D91500EAD750 /* DetailView.swift */; };
		EB0973382BA0D92D00EAD750 /* FeatureView.swift in Sources */ = {isa = PBXBuildFile; fileRef = EB0973372BA0D92D00EAD750 /* FeatureView.swift */; };
		EB0973392BA0D92D00EAD750 /* FeatureView.swift in Sources */ = {isa = PBXBuildFile; fileRef = EB0973372BA0D92D00EAD750 /* FeatureView.swift */; };
		EB09733D2BA202FA00EAD750 /* APIResponse.swift in Sources */ = {isa = PBXBuildFile; fileRef = EB09733C2BA202FA00EAD750 /* APIResponse.swift */; };
		EB09733E2BA202FA00EAD750 /* APIResponse.swift in Sources */ = {isa = PBXBuildFile; fileRef = EB09733C2BA202FA00EAD750 /* APIResponse.swift */; };
		EB0973402BA2031E00EAD750 /* Models.swift in Sources */ = {isa = PBXBuildFile; fileRef = EB09733F2BA2031E00EAD750 /* Models.swift */; };
		EB0973412BA2031E00EAD750 /* Models.swift in Sources */ = {isa = PBXBuildFile; fileRef = EB09733F2BA2031E00EAD750 /* Models.swift */; };
		EB0973472BA2038B00EAD750 /* Constants.swift in Sources */ = {isa = PBXBuildFile; fileRef = EB0973462BA2038B00EAD750 /* Constants.swift */; };
		EB0973482BA2038B00EAD750 /* Constants.swift in Sources */ = {isa = PBXBuildFile; fileRef = EB0973462BA2038B00EAD750 /* Constants.swift */; };
		EB09734B2BA204AE00EAD750 /* ResponsePayload.json in Resources */ = {isa = PBXBuildFile; fileRef = EB09734A2BA204AE00EAD750 /* ResponsePayload.json */; };
		EB09734C2BA204AE00EAD750 /* ResponsePayload.json in Resources */ = {isa = PBXBuildFile; fileRef = EB09734A2BA204AE00EAD750 /* ResponsePayload.json */; };
/* End PBXBuildFile section */

/* Begin PBXContainerItemProxy section */
		EB0972FB2BA0D6A000EAD750 /* PBXContainerItemProxy */ = {
			isa = PBXContainerItemProxy;
			containerPortal = EB0972E12BA0D69E00EAD750 /* Project object */;
			proxyType = 1;
			remoteGlobalIDString = EB0972EC2BA0D6A000EAD750;
			remoteInfo = "NewsfeedUI (iOS)";
		};
		EB0973072BA0D6A000EAD750 /* PBXContainerItemProxy */ = {
			isa = PBXContainerItemProxy;
			containerPortal = EB0972E12BA0D69E00EAD750 /* Project object */;
			proxyType = 1;
			remoteGlobalIDString = EB0972F22BA0D6A000EAD750;
			remoteInfo = "NewsfeedUI (macOS)";
		};
/* End PBXContainerItemProxy section */

/* Begin PBXFileReference section */
		EB0972E62BA0D69E00EAD750 /* NewsfeedUIApp.swift */ = {isa = PBXFileReference; lastKnownFileType = sourcecode.swift; path = NewsfeedUIApp.swift; sourceTree = "<group>"; };
		EB0972E72BA0D69E00EAD750 /* ContentView.swift */ = {isa = PBXFileReference; lastKnownFileType = sourcecode.swift; path = ContentView.swift; sourceTree = "<group>"; };
		EB0972E82BA0D6A000EAD750 /* Assets.xcassets */ = {isa = PBXFileReference; lastKnownFileType = folder.assetcatalog; path = Assets.xcassets; sourceTree = "<group>"; };
		EB0972ED2BA0D6A000EAD750 /* NewsfeedUI.app */ = {isa = PBXFileReference; explicitFileType = wrapper.application; includeInIndex = 0; path = NewsfeedUI.app; sourceTree = BUILT_PRODUCTS_DIR; };
		EB0972F32BA0D6A000EAD750 /* NewsfeedUI.app */ = {isa = PBXFileReference; explicitFileType = wrapper.application; includeInIndex = 0; path = NewsfeedUI.app; sourceTree = BUILT_PRODUCTS_DIR; };
		EB0972F52BA0D6A000EAD750 /* macOS.entitlements */ = {isa = PBXFileReference; lastKnownFileType = text.plist.entitlements; path = macOS.entitlements; sourceTree = "<group>"; };
		EB0972FA2BA0D6A000EAD750 /* Tests iOS.xctest */ = {isa = PBXFileReference; explicitFileType = wrapper.cfbundle; includeInIndex = 0; path = "Tests iOS.xctest"; sourceTree = BUILT_PRODUCTS_DIR; };
		EB0972FE2BA0D6A000EAD750 /* Tests_iOS.swift */ = {isa = PBXFileReference; lastKnownFileType = sourcecode.swift; path = Tests_iOS.swift; sourceTree = "<group>"; };
		EB0973002BA0D6A000EAD750 /* Tests_iOSLaunchTests.swift */ = {isa = PBXFileReference; lastKnownFileType = sourcecode.swift; path = Tests_iOSLaunchTests.swift; sourceTree = "<group>"; };
		EB0973062BA0D6A000EAD750 /* Tests macOS.xctest */ = {isa = PBXFileReference; explicitFileType = wrapper.cfbundle; includeInIndex = 0; path = "Tests macOS.xctest"; sourceTree = BUILT_PRODUCTS_DIR; };
		EB09730A2BA0D6A000EAD750 /* Tests_macOS.swift */ = {isa = PBXFileReference; lastKnownFileType = sourcecode.swift; path = Tests_macOS.swift; sourceTree = "<group>"; };
		EB09730C2BA0D6A000EAD750 /* Tests_macOSLaunchTests.swift */ = {isa = PBXFileReference; lastKnownFileType = sourcecode.swift; path = Tests_macOSLaunchTests.swift; sourceTree = "<group>"; };
		EB0973222BA0D73D00EAD750 /* RemoteImage.swift */ = {isa = PBXFileReference; lastKnownFileType = sourcecode.swift; path = RemoteImage.swift; sourceTree = "<group>"; };
		EB0973252BA0D87800EAD750 /* WebView.swift */ = {isa = PBXFileReference; lastKnownFileType = sourcecode.swift; path = WebView.swift; sourceTree = "<group>"; };
		EB0973282BA0D8A400EAD750 /* CarouselView.swift */ = {isa = PBXFileReference; lastKnownFileType = sourcecode.swift; path = CarouselView.swift; sourceTree = "<group>"; };
		EB09732B2BA0D8BE00EAD750 /* CategoryItem.swift */ = {isa = PBXFileReference; lastKnownFileType = sourcecode.swift; path = CategoryItem.swift; sourceTree = "<group>"; };
		EB09732E2BA0D8DC00EAD750 /* CategoryRow.swift */ = {isa = PBXFileReference; lastKnownFileType = sourcecode.swift; path = CategoryRow.swift; sourceTree = "<group>"; };
		EB0973342BA0D91500EAD750 /* DetailView.swift */ = {isa = PBXFileReference; lastKnownFileType = sourcecode.swift; path = DetailView.swift; sourceTree = "<group>"; };
		EB0973372BA0D92D00EAD750 /* FeatureView.swift */ = {isa = PBXFileReference; lastKnownFileType = sourcecode.swift; path = FeatureView.swift; sourceTree = "<group>"; };
		EB09733C2BA202FA00EAD750 /* APIResponse.swift */ = {isa = PBXFileReference; lastKnownFileType = sourcecode.swift; path = APIResponse.swift; sourceTree = "<group>"; };
		EB09733F2BA2031E00EAD750 /* Models.swift */ = {isa = PBXFileReference; lastKnownFileType = sourcecode.swift; path = Models.swift; sourceTree = "<group>"; };
		EB0973462BA2038B00EAD750 /* Constants.swift */ = {isa = PBXFileReference; lastKnownFileType = sourcecode.swift; path = Constants.swift; sourceTree = "<group>"; };
		EB09734A2BA204AE00EAD750 /* ResponsePayload.json */ = {isa = PBXFileReference; fileEncoding = 4; lastKnownFileType = text.json; name = ResponsePayload.json; path = "../../../../iOS-101-Workshop-Hayes/NewsfeedUI-Starter/NewsfeedUI-Starter/Resources/ResponsePayload.json"; sourceTree = "<group>"; };
/* End PBXFileReference section */

/* Begin PBXFrameworksBuildPhase section */
		EB0972EA2BA0D6A000EAD750 /* Frameworks */ = {
			isa = PBXFrameworksBuildPhase;
			buildActionMask = 2147483647;
			files = (
			);
			runOnlyForDeploymentPostprocessing = 0;
		};
		EB0972F02BA0D6A000EAD750 /* Frameworks */ = {
			isa = PBXFrameworksBuildPhase;
			buildActionMask = 2147483647;
			files = (
			);
			runOnlyForDeploymentPostprocessing = 0;
		};
		EB0972F72BA0D6A000EAD750 /* Frameworks */ = {
			isa = PBXFrameworksBuildPhase;
			buildActionMask = 2147483647;
			files = (
			);
			runOnlyForDeploymentPostprocessing = 0;
		};
		EB0973032BA0D6A000EAD750 /* Frameworks */ = {
			isa = PBXFrameworksBuildPhase;
			buildActionMask = 2147483647;
			files = (
			);
			runOnlyForDeploymentPostprocessing = 0;
		};
/* End PBXFrameworksBuildPhase section */

/* Begin PBXGroup section */
		EB0972E02BA0D69E00EAD750 = {
			isa = PBXGroup;
			children = (
				EB0972E52BA0D69E00EAD750 /* Shared */,
				EB0972F42BA0D6A000EAD750 /* macOS */,
				EB0972FD2BA0D6A000EAD750 /* Tests iOS */,
				EB0973092BA0D6A000EAD750 /* Tests macOS */,
				EB0972EE2BA0D6A000EAD750 /* Products */,
			);
			sourceTree = "<group>";
		};
		EB0972E52BA0D69E00EAD750 /* Shared */ = {
			isa = PBXGroup;
			children = (
				EB0973452BA2037300EAD750 /* Resources */,
				EB0972E62BA0D69E00EAD750 /* NewsfeedUIApp.swift */,
				EB09733A2BA2029B00EAD750 /* Views */,
				EB0972E82BA0D6A000EAD750 /* Assets.xcassets */,
				EB09733B2BA202E900EAD750 /* Model */,
			);
			path = Shared;
			sourceTree = "<group>";
		};
		EB0972EE2BA0D6A000EAD750 /* Products */ = {
			isa = PBXGroup;
			children = (
				EB0972ED2BA0D6A000EAD750 /* NewsfeedUI.app */,
				EB0972F32BA0D6A000EAD750 /* NewsfeedUI.app */,
				EB0972FA2BA0D6A000EAD750 /* Tests iOS.xctest */,
				EB0973062BA0D6A000EAD750 /* Tests macOS.xctest */,
			);
			name = Products;
			sourceTree = "<group>";
		};
		EB0972F42BA0D6A000EAD750 /* macOS */ = {
			isa = PBXGroup;
			children = (
				EB0972F52BA0D6A000EAD750 /* macOS.entitlements */,
			);
			path = macOS;
			sourceTree = "<group>";
		};
		EB0972FD2BA0D6A000EAD750 /* Tests iOS */ = {
			isa = PBXGroup;
			children = (
				EB0972FE2BA0D6A000EAD750 /* Tests_iOS.swift */,
				EB0973002BA0D6A000EAD750 /* Tests_iOSLaunchTests.swift */,
			);
			path = "Tests iOS";
			sourceTree = "<group>";
		};
		EB0973092BA0D6A000EAD750 /* Tests macOS */ = {
			isa = PBXGroup;
			children = (
				EB09730A2BA0D6A000EAD750 /* Tests_macOS.swift */,
				EB09730C2BA0D6A000EAD750 /* Tests_macOSLaunchTests.swift */,
			);
			path = "Tests macOS";
			sourceTree = "<group>";
		};
		EB09733A2BA2029B00EAD750 /* Views */ = {
			isa = PBXGroup;
			children = (
				EB09732E2BA0D8DC00EAD750 /* CategoryRow.swift */,
				EB0973372BA0D92D00EAD750 /* FeatureView.swift */,
				EB0973342BA0D91500EAD750 /* DetailView.swift */,
				EB09732B2BA0D8BE00EAD750 /* CategoryItem.swift */,
				EB0973282BA0D8A400EAD750 /* CarouselView.swift */,
				EB0973252BA0D87800EAD750 /* WebView.swift */,
				EB0972E72BA0D69E00EAD750 /* ContentView.swift */,
				EB0973222BA0D73D00EAD750 /* RemoteImage.swift */,
			);
			path = Views;
			sourceTree = "<group>";
		};
		EB09733B2BA202E900EAD750 /* Model */ = {
			isa = PBXGroup;
			children = (
				EB09733C2BA202FA00EAD750 /* APIResponse.swift */,
				EB09733F2BA2031E00EAD750 /* Models.swift */,
			);
			path = Model;
			sourceTree = "<group>";
		};
		EB0973452BA2037300EAD750 /* Resources */ = {
			isa = PBXGroup;
			children = (
				EB0973462BA2038B00EAD750 /* Constants.swift */,
				EB09734A2BA204AE00EAD750 /* ResponsePayload.json */,
			);
			path = Resources;
			sourceTree = "<group>";
		};
/* End PBXGroup section */

/* Begin PBXNativeTarget section */
		EB0972EC2BA0D6A000EAD750 /* NewsfeedUI (iOS) */ = {
			isa = PBXNativeTarget;
			buildConfigurationList = EB0973162BA0D6A000EAD750 /* Build configuration list for PBXNativeTarget "NewsfeedUI (iOS)" */;
			buildPhases = (
				EB0972E92BA0D6A000EAD750 /* Sources */,
				EB0972EA2BA0D6A000EAD750 /* Frameworks */,
				EB0972EB2BA0D6A000EAD750 /* Resources */,
			);
			buildRules = (
			);
			dependencies = (
			);
			name = "NewsfeedUI (iOS)";
			productName = "NewsfeedUI (iOS)";
			productReference = EB0972ED2BA0D6A000EAD750 /* NewsfeedUI.app */;
			productType = "com.apple.product-type.application";
		};
		EB0972F22BA0D6A000EAD750 /* NewsfeedUI (macOS) */ = {
			isa = PBXNativeTarget;
			buildConfigurationList = EB0973192BA0D6A000EAD750 /* Build configuration list for PBXNativeTarget "NewsfeedUI (macOS)" */;
			buildPhases = (
				EB0972EF2BA0D6A000EAD750 /* Sources */,
				EB0972F02BA0D6A000EAD750 /* Frameworks */,
				EB0972F12BA0D6A000EAD750 /* Resources */,
			);
			buildRules = (
			);
			dependencies = (
			);
			name = "NewsfeedUI (macOS)";
			productName = "NewsfeedUI (macOS)";
			productReference = EB0972F32BA0D6A000EAD750 /* NewsfeedUI.app */;
			productType = "com.apple.product-type.application";
		};
		EB0972F92BA0D6A000EAD750 /* Tests iOS */ = {
			isa = PBXNativeTarget;
			buildConfigurationList = EB09731C2BA0D6A000EAD750 /* Build configuration list for PBXNativeTarget "Tests iOS" */;
			buildPhases = (
				EB0972F62BA0D6A000EAD750 /* Sources */,
				EB0972F72BA0D6A000EAD750 /* Frameworks */,
				EB0972F82BA0D6A000EAD750 /* Resources */,
			);
			buildRules = (
			);
			dependencies = (
				EB0972FC2BA0D6A000EAD750 /* PBXTargetDependency */,
			);
			name = "Tests iOS";
			productName = "Tests iOS";
			productReference = EB0972FA2BA0D6A000EAD750 /* Tests iOS.xctest */;
			productType = "com.apple.product-type.bundle.ui-testing";
		};
		EB0973052BA0D6A000EAD750 /* Tests macOS */ = {
			isa = PBXNativeTarget;
			buildConfigurationList = EB09731F2BA0D6A000EAD750 /* Build configuration list for PBXNativeTarget "Tests macOS" */;
			buildPhases = (
				EB0973022BA0D6A000EAD750 /* Sources */,
				EB0973032BA0D6A000EAD750 /* Frameworks */,
				EB0973042BA0D6A000EAD750 /* Resources */,
			);
			buildRules = (
			);
			dependencies = (
				EB0973082BA0D6A000EAD750 /* PBXTargetDependency */,
			);
			name = "Tests macOS";
			productName = "Tests macOS";
			productReference = EB0973062BA0D6A000EAD750 /* Tests macOS.xctest */;
			productType = "com.apple.product-type.bundle.ui-testing";
		};
/* End PBXNativeTarget section */

/* Begin PBXProject section */
		EB0972E12BA0D69E00EAD750 /* Project object */ = {
			isa = PBXProject;
			attributes = {
				BuildIndependentTargetsInParallel = 1;
				LastSwiftUpdateCheck = 1340;
				LastUpgradeCheck = 1340;
				TargetAttributes = {
					EB0972EC2BA0D6A000EAD750 = {
						CreatedOnToolsVersion = 13.4.1;
					};
					EB0972F22BA0D6A000EAD750 = {
						CreatedOnToolsVersion = 13.4.1;
					};
					EB0972F92BA0D6A000EAD750 = {
						CreatedOnToolsVersion = 13.4.1;
						TestTargetID = EB0972EC2BA0D6A000EAD750;
					};
					EB0973052BA0D6A000EAD750 = {
						CreatedOnToolsVersion = 13.4.1;
						TestTargetID = EB0972F22BA0D6A000EAD750;
					};
				};
			};
			buildConfigurationList = EB0972E42BA0D69E00EAD750 /* Build configuration list for PBXProject "NewsfeedUI" */;
			compatibilityVersion = "Xcode 13.0";
			developmentRegion = en;
			hasScannedForEncodings = 0;
			knownRegions = (
				en,
				Base,
			);
			mainGroup = EB0972E02BA0D69E00EAD750;
			productRefGroup = EB0972EE2BA0D6A000EAD750 /* Products */;
			projectDirPath = "";
			projectRoot = "";
			targets = (
				EB0972EC2BA0D6A000EAD750 /* NewsfeedUI (iOS) */,
				EB0972F22BA0D6A000EAD750 /* NewsfeedUI (macOS) */,
				EB0972F92BA0D6A000EAD750 /* Tests iOS */,
				EB0973052BA0D6A000EAD750 /* Tests macOS */,
			);
		};
/* End PBXProject section */

/* Begin PBXResourcesBuildPhase section */
		EB0972EB2BA0D6A000EAD750 /* Resources */ = {
			isa = PBXResourcesBuildPhase;
			buildActionMask = 2147483647;
			files = (
				EB0973122BA0D6A000EAD750 /* Assets.xcassets in Resources */,
				EB09734B2BA204AE00EAD750 /* ResponsePayload.json in Resources */,
			);
			runOnlyForDeploymentPostprocessing = 0;
		};
		EB0972F12BA0D6A000EAD750 /* Resources */ = {
			isa = PBXResourcesBuildPhase;
			buildActionMask = 2147483647;
			files = (
				EB0973132BA0D6A000EAD750 /* Assets.xcassets in Resources */,
				EB09734C2BA204AE00EAD750 /* ResponsePayload.json in Resources */,
			);
			runOnlyForDeploymentPostprocessing = 0;
		};
		EB0972F82BA0D6A000EAD750 /* Resources */ = {
			isa = PBXResourcesBuildPhase;
			buildActionMask = 2147483647;
			files = (
			);
			runOnlyForDeploymentPostprocessing = 0;
		};
		EB0973042BA0D6A000EAD750 /* Resources */ = {
			isa = PBXResourcesBuildPhase;
			buildActionMask = 2147483647;
			files = (
			);
			runOnlyForDeploymentPostprocessing = 0;
		};
/* End PBXResourcesBuildPhase section */

/* Begin PBXSourcesBuildPhase section */
		EB0972E92BA0D6A000EAD750 /* Sources */ = {
			isa = PBXSourcesBuildPhase;
			buildActionMask = 2147483647;
			files = (
				EB0973402BA2031E00EAD750 /* Models.swift in Sources */,
				EB0973292BA0D8A400EAD750 /* CarouselView.swift in Sources */,
				EB0973352BA0D91500EAD750 /* DetailView.swift in Sources */,
				EB0973232BA0D73D00EAD750 /* RemoteImage.swift in Sources */,
				EB09733D2BA202FA00EAD750 /* APIResponse.swift in Sources */,
				EB0973262BA0D87800EAD750 /* WebView.swift in Sources */,
				EB0973102BA0D6A000EAD750 /* ContentView.swift in Sources */,
				EB09732F2BA0D8DC00EAD750 /* CategoryRow.swift in Sources */,
				EB0973382BA0D92D00EAD750 /* FeatureView.swift in Sources */,
				EB09732C2BA0D8BE00EAD750 /* CategoryItem.swift in Sources */,
				EB09730E2BA0D6A000EAD750 /* NewsfeedUIApp.swift in Sources */,
				EB0973472BA2038B00EAD750 /* Constants.swift in Sources */,
			);
			runOnlyForDeploymentPostprocessing = 0;
		};
		EB0972EF2BA0D6A000EAD750 /* Sources */ = {
			isa = PBXSourcesBuildPhase;
			buildActionMask = 2147483647;
			files = (
				EB0973412BA2031E00EAD750 /* Models.swift in Sources */,
				EB09732A2BA0D8A400EAD750 /* CarouselView.swift in Sources */,
				EB0973362BA0D91500EAD750 /* DetailView.swift in Sources */,
				EB0973242BA0D73D00EAD750 /* RemoteImage.swift in Sources */,
				EB09733E2BA202FA00EAD750 /* APIResponse.swift in Sources */,
				EB0973272BA0D87800EAD750 /* WebView.swift in Sources */,
				EB0973112BA0D6A000EAD750 /* ContentView.swift in Sources */,
				EB0973302BA0D8DC00EAD750 /* CategoryRow.swift in Sources */,
				EB0973392BA0D92D00EAD750 /* FeatureView.swift in Sources */,
				EB09732D2BA0D8BE00EAD750 /* CategoryItem.swift in Sources */,
				EB09730F2BA0D6A000EAD750 /* NewsfeedUIApp.swift in Sources */,
				EB0973482BA2038B00EAD750 /* Constants.swift in Sources */,
			);
			runOnlyForDeploymentPostprocessing = 0;
		};
		EB0972F62BA0D6A000EAD750 /* Sources */ = {
			isa = PBXSourcesBuildPhase;
			buildActionMask = 2147483647;
			files = (
				EB0973012BA0D6A000EAD750 /* Tests_iOSLaunchTests.swift in Sources */,
				EB0972FF2BA0D6A000EAD750 /* Tests_iOS.swift in Sources */,
			);
			runOnlyForDeploymentPostprocessing = 0;
		};
		EB0973022BA0D6A000EAD750 /* Sources */ = {
			isa = PBXSourcesBuildPhase;
			buildActionMask = 2147483647;
			files = (
				EB09730D2BA0D6A000EAD750 /* Tests_macOSLaunchTests.swift in Sources */,
				EB09730B2BA0D6A000EAD750 /* Tests_macOS.swift in Sources */,
			);
			runOnlyForDeploymentPostprocessing = 0;
		};
/* End PBXSourcesBuildPhase section */

/* Begin PBXTargetDependency section */
		EB0972FC2BA0D6A000EAD750 /* PBXTargetDependency */ = {
			isa = PBXTargetDependency;
			target = EB0972EC2BA0D6A000EAD750 /* NewsfeedUI (iOS) */;
			targetProxy = EB0972FB2BA0D6A000EAD750 /* PBXContainerItemProxy */;
		};
		EB0973082BA0D6A000EAD750 /* PBXTargetDependency */ = {
			isa = PBXTargetDependency;
			target = EB0972F22BA0D6A000EAD750 /* NewsfeedUI (macOS) */;
			targetProxy = EB0973072BA0D6A000EAD750 /* PBXContainerItemProxy */;
		};
/* End PBXTargetDependency section */

/* Begin XCBuildConfiguration section */
		EB0973142BA0D6A000EAD750 /* Debug */ = {
			isa = XCBuildConfiguration;
			buildSettings = {
				ALWAYS_SEARCH_USER_PATHS = NO;
				CLANG_ANALYZER_NONNULL = YES;
				CLANG_ANALYZER_NUMBER_OBJECT_CONVERSION = YES_AGGRESSIVE;
				CLANG_CXX_LANGUAGE_STANDARD = "gnu++17";
				CLANG_ENABLE_MODULES = YES;
				CLANG_ENABLE_OBJC_ARC = YES;
				CLANG_ENABLE_OBJC_WEAK = YES;
				CLANG_WARN_BLOCK_CAPTURE_AUTORELEASING = YES;
				CLANG_WARN_BOOL_CONVERSION = YES;
				CLANG_WARN_COMMA = YES;
				CLANG_WARN_CONSTANT_CONVERSION = YES;
				CLANG_WARN_DEPRECATED_OBJC_IMPLEMENTATIONS = YES;
				CLANG_WARN_DIRECT_OBJC_ISA_USAGE = YES_ERROR;
				CLANG_WARN_DOCUMENTATION_COMMENTS = YES;
				CLANG_WARN_EMPTY_BODY = YES;
				CLANG_WARN_ENUM_CONVERSION = YES;
				CLANG_WARN_INFINITE_RECURSION = YES;
				CLANG_WARN_INT_CONVERSION = YES;
				CLANG_WARN_NON_LITERAL_NULL_CONVERSION = YES;
				CLANG_WARN_OBJC_IMPLICIT_RETAIN_SELF = YES;
				CLANG_WARN_OBJC_LITERAL_CONVERSION = YES;
				CLANG_WARN_OBJC_ROOT_CLASS = YES_ERROR;
				CLANG_WARN_QUOTED_INCLUDE_IN_FRAMEWORK_HEADER = YES;
				CLANG_WARN_RANGE_LOOP_ANALYSIS = YES;
				CLANG_WARN_STRICT_PROTOTYPES = YES;
				CLANG_WARN_SUSPICIOUS_MOVE = YES;
				CLANG_WARN_UNGUARDED_AVAILABILITY = YES_AGGRESSIVE;
				CLANG_WARN_UNREACHABLE_CODE = YES;
				CLANG_WARN__DUPLICATE_METHOD_MATCH = YES;
				COPY_PHASE_STRIP = NO;
				DEBUG_INFORMATION_FORMAT = dwarf;
				ENABLE_STRICT_OBJC_MSGSEND = YES;
				ENABLE_TESTABILITY = YES;
				GCC_C_LANGUAGE_STANDARD = gnu11;
				GCC_DYNAMIC_NO_PIC = NO;
				GCC_NO_COMMON_BLOCKS = YES;
				GCC_OPTIMIZATION_LEVEL = 0;
				GCC_PREPROCESSOR_DEFINITIONS = (
					"DEBUG=1",
					"$(inherited)",
				);
				GCC_WARN_64_TO_32_BIT_CONVERSION = YES;
				GCC_WARN_ABOUT_RETURN_TYPE = YES_ERROR;
				GCC_WARN_UNDECLARED_SELECTOR = YES;
				GCC_WARN_UNINITIALIZED_AUTOS = YES_AGGRESSIVE;
				GCC_WARN_UNUSED_FUNCTION = YES;
				GCC_WARN_UNUSED_VARIABLE = YES;
				MTL_ENABLE_DEBUG_INFO = INCLUDE_SOURCE;
				MTL_FAST_MATH = YES;
				ONLY_ACTIVE_ARCH = YES;
				SWIFT_ACTIVE_COMPILATION_CONDITIONS = DEBUG;
				SWIFT_OPTIMIZATION_LEVEL = "-Onone";
			};
			name = Debug;
		};
		EB0973152BA0D6A000EAD750 /* Release */ = {
			isa = XCBuildConfiguration;
			buildSettings = {
				ALWAYS_SEARCH_USER_PATHS = NO;
				CLANG_ANALYZER_NONNULL = YES;
				CLANG_ANALYZER_NUMBER_OBJECT_CONVERSION = YES_AGGRESSIVE;
				CLANG_CXX_LANGUAGE_STANDARD = "gnu++17";
				CLANG_ENABLE_MODULES = YES;
				CLANG_ENABLE_OBJC_ARC = YES;
				CLANG_ENABLE_OBJC_WEAK = YES;
				CLANG_WARN_BLOCK_CAPTURE_AUTORELEASING = YES;
				CLANG_WARN_BOOL_CONVERSION = YES;
				CLANG_WARN_COMMA = YES;
				CLANG_WARN_CONSTANT_CONVERSION = YES;
				CLANG_WARN_DEPRECATED_OBJC_IMPLEMENTATIONS = YES;
				CLANG_WARN_DIRECT_OBJC_ISA_USAGE = YES_ERROR;
				CLANG_WARN_DOCUMENTATION_COMMENTS = YES;
				CLANG_WARN_EMPTY_BODY = YES;
				CLANG_WARN_ENUM_CONVERSION = YES;
				CLANG_WARN_INFINITE_RECURSION = YES;
				CLANG_WARN_INT_CONVERSION = YES;
				CLANG_WARN_NON_LITERAL_NULL_CONVERSION = YES;
				CLANG_WARN_OBJC_IMPLICIT_RETAIN_SELF = YES;
				CLANG_WARN_OBJC_LITERAL_CONVERSION = YES;
				CLANG_WARN_OBJC_ROOT_CLASS = YES_ERROR;
				CLANG_WARN_QUOTED_INCLUDE_IN_FRAMEWORK_HEADER = YES;
				CLANG_WARN_RANGE_LOOP_ANALYSIS = YES;
				CLANG_WARN_STRICT_PROTOTYPES = YES;
				CLANG_WARN_SUSPICIOUS_MOVE = YES;
				CLANG_WARN_UNGUARDED_AVAILABILITY = YES_AGGRESSIVE;
				CLANG_WARN_UNREACHABLE_CODE = YES;
				CLANG_WARN__DUPLICATE_METHOD_MATCH = YES;
				COPY_PHASE_STRIP = NO;
				DEBUG_INFORMATION_FORMAT = "dwarf-with-dsym";
				ENABLE_NS_ASSERTIONS = NO;
				ENABLE_STRICT_OBJC_MSGSEND = YES;
				GCC_C_LANGUAGE_STANDARD = gnu11;
				GCC_NO_COMMON_BLOCKS = YES;
				GCC_WARN_64_TO_32_BIT_CONVERSION = YES;
				GCC_WARN_ABOUT_RETURN_TYPE = YES_ERROR;
				GCC_WARN_UNDECLARED_SELECTOR = YES;
				GCC_WARN_UNINITIALIZED_AUTOS = YES_AGGRESSIVE;
				GCC_WARN_UNUSED_FUNCTION = YES;
				GCC_WARN_UNUSED_VARIABLE = YES;
				MTL_ENABLE_DEBUG_INFO = NO;
				MTL_FAST_MATH = YES;
				SWIFT_COMPILATION_MODE = wholemodule;
				SWIFT_OPTIMIZATION_LEVEL = "-O";
			};
			name = Release;
		};
		EB0973172BA0D6A000EAD750 /* Debug */ = {
			isa = XCBuildConfiguration;
			buildSettings = {
				ASSETCATALOG_COMPILER_APPICON_NAME = AppIcon;
				ASSETCATALOG_COMPILER_GLOBAL_ACCENT_COLOR_NAME = AccentColor;
				CODE_SIGN_STYLE = Automatic;
				CURRENT_PROJECT_VERSION = 1;
				DEVELOPMENT_TEAM = LXP9GDZP5H;
				ENABLE_PREVIEWS = YES;
				GENERATE_INFOPLIST_FILE = YES;
				INFOPLIST_KEY_UIApplicationSceneManifest_Generation = YES;
				INFOPLIST_KEY_UIApplicationSupportsIndirectInputEvents = YES;
				INFOPLIST_KEY_UILaunchScreen_Generation = YES;
				INFOPLIST_KEY_UISupportedInterfaceOrientations_iPad = "UIInterfaceOrientationPortrait UIInterfaceOrientationPortraitUpsideDown UIInterfaceOrientationLandscapeLeft UIInterfaceOrientationLandscapeRight";
				INFOPLIST_KEY_UISupportedInterfaceOrientations_iPhone = "UIInterfaceOrientationPortrait UIInterfaceOrientationLandscapeLeft UIInterfaceOrientationLandscapeRight";
				IPHONEOS_DEPLOYMENT_TARGET = 15.5;
				LD_RUNPATH_SEARCH_PATHS = (
					"$(inherited)",
					"@executable_path/Frameworks",
				);
				MARKETING_VERSION = 1.0;
				PRODUCT_BUNDLE_IDENTIFIER = mhayesCS.NewsfeedUI;
				PRODUCT_NAME = NewsfeedUI;
				SDKROOT = iphoneos;
				SWIFT_EMIT_LOC_STRINGS = YES;
				SWIFT_VERSION = 5.0;
				TARGETED_DEVICE_FAMILY = "1,2";
			};
			name = Debug;
		};
		EB0973182BA0D6A000EAD750 /* Release */ = {
			isa = XCBuildConfiguration;
			buildSettings = {
				ASSETCATALOG_COMPILER_APPICON_NAME = AppIcon;
				ASSETCATALOG_COMPILER_GLOBAL_ACCENT_COLOR_NAME = AccentColor;
				CODE_SIGN_STYLE = Automatic;
				CURRENT_PROJECT_VERSION = 1;
				DEVELOPMENT_TEAM = LXP9GDZP5H;
				ENABLE_PREVIEWS = YES;
				GENERATE_INFOPLIST_FILE = YES;
				INFOPLIST_KEY_UIApplicationSceneManifest_Generation = YES;
				INFOPLIST_KEY_UIApplicationSupportsIndirectInputEvents = YES;
				INFOPLIST_KEY_UILaunchScreen_Generation = YES;
				INFOPLIST_KEY_UISupportedInterfaceOrientations_iPad = "UIInterfaceOrientationPortrait UIInterfaceOrientationPortraitUpsideDown UIInterfaceOrientationLandscapeLeft UIInterfaceOrientationLandscapeRight";
				INFOPLIST_KEY_UISupportedInterfaceOrientations_iPhone = "UIInterfaceOrientationPortrait UIInterfaceOrientationLandscapeLeft UIInterfaceOrientationLandscapeRight";
				IPHONEOS_DEPLOYMENT_TARGET = 15.5;
				LD_RUNPATH_SEARCH_PATHS = (
					"$(inherited)",
					"@executable_path/Frameworks",
				);
				MARKETING_VERSION = 1.0;
				PRODUCT_BUNDLE_IDENTIFIER = mhayesCS.NewsfeedUI;
				PRODUCT_NAME = NewsfeedUI;
				SDKROOT = iphoneos;
				SWIFT_EMIT_LOC_STRINGS = YES;
				SWIFT_VERSION = 5.0;
				TARGETED_DEVICE_FAMILY = "1,2";
				VALIDATE_PRODUCT = YES;
			};
			name = Release;
		};
		EB09731A2BA0D6A000EAD750 /* Debug */ = {
			isa = XCBuildConfiguration;
			buildSettings = {
				ASSETCATALOG_COMPILER_APPICON_NAME = AppIcon;
				ASSETCATALOG_COMPILER_GLOBAL_ACCENT_COLOR_NAME = AccentColor;
				CODE_SIGN_ENTITLEMENTS = macOS/macOS.entitlements;
				CODE_SIGN_STYLE = Automatic;
				COMBINE_HIDPI_IMAGES = YES;
				CURRENT_PROJECT_VERSION = 1;
				DEVELOPMENT_TEAM = LXP9GDZP5H;
				ENABLE_HARDENED_RUNTIME = YES;
				ENABLE_PREVIEWS = YES;
				GENERATE_INFOPLIST_FILE = YES;
				INFOPLIST_KEY_NSHumanReadableCopyright = "";
				LD_RUNPATH_SEARCH_PATHS = (
					"$(inherited)",
					"@executable_path/../Frameworks",
				);
				MACOSX_DEPLOYMENT_TARGET = 12.3;
				MARKETING_VERSION = 1.0;
				PRODUCT_BUNDLE_IDENTIFIER = mhayesCS.NewsfeedUI;
				PRODUCT_NAME = NewsfeedUI;
				SDKROOT = macosx;
				SWIFT_EMIT_LOC_STRINGS = YES;
				SWIFT_VERSION = 5.0;
			};
			name = Debug;
		};
		EB09731B2BA0D6A000EAD750 /* Release */ = {
			isa = XCBuildConfiguration;
			buildSettings = {
				ASSETCATALOG_COMPILER_APPICON_NAME = AppIcon;
				ASSETCATALOG_COMPILER_GLOBAL_ACCENT_COLOR_NAME = AccentColor;
				CODE_SIGN_ENTITLEMENTS = macOS/macOS.entitlements;
				CODE_SIGN_STYLE = Automatic;
				COMBINE_HIDPI_IMAGES = YES;
				CURRENT_PROJECT_VERSION = 1;
				DEVELOPMENT_TEAM = LXP9GDZP5H;
				ENABLE_HARDENED_RUNTIME = YES;
				ENABLE_PREVIEWS = YES;
				GENERATE_INFOPLIST_FILE = YES;
				INFOPLIST_KEY_NSHumanReadableCopyright = "";
				LD_RUNPATH_SEARCH_PATHS = (
					"$(inherited)",
					"@executable_path/../Frameworks",
				);
				MACOSX_DEPLOYMENT_TARGET = 12.3;
				MARKETING_VERSION = 1.0;
				PRODUCT_BUNDLE_IDENTIFIER = mhayesCS.NewsfeedUI;
				PRODUCT_NAME = NewsfeedUI;
				SDKROOT = macosx;
				SWIFT_EMIT_LOC_STRINGS = YES;
				SWIFT_VERSION = 5.0;
			};
			name = Release;
		};
		EB09731D2BA0D6A000EAD750 /* Debug */ = {
			isa = XCBuildConfiguration;
			buildSettings = {
				ALWAYS_EMBED_SWIFT_STANDARD_LIBRARIES = YES;
				CODE_SIGN_STYLE = Automatic;
				CURRENT_PROJECT_VERSION = 1;
				DEVELOPMENT_TEAM = LXP9GDZP5H;
				GENERATE_INFOPLIST_FILE = YES;
				IPHONEOS_DEPLOYMENT_TARGET = 15.5;
				MARKETING_VERSION = 1.0;
				PRODUCT_BUNDLE_IDENTIFIER = "mhayesCS.Tests-iOS";
				PRODUCT_NAME = "$(TARGET_NAME)";
				SDKROOT = iphoneos;
				SWIFT_EMIT_LOC_STRINGS = NO;
				SWIFT_VERSION = 5.0;
				TARGETED_DEVICE_FAMILY = "1,2";
				TEST_TARGET_NAME = "NewsfeedUI (iOS)";
			};
			name = Debug;
		};
		EB09731E2BA0D6A000EAD750 /* Release */ = {
			isa = XCBuildConfiguration;
			buildSettings = {
				ALWAYS_EMBED_SWIFT_STANDARD_LIBRARIES = YES;
				CODE_SIGN_STYLE = Automatic;
				CURRENT_PROJECT_VERSION = 1;
				DEVELOPMENT_TEAM = LXP9GDZP5H;
				GENERATE_INFOPLIST_FILE = YES;
				IPHONEOS_DEPLOYMENT_TARGET = 15.5;
				MARKETING_VERSION = 1.0;
				PRODUCT_BUNDLE_IDENTIFIER = "mhayesCS.Tests-iOS";
				PRODUCT_NAME = "$(TARGET_NAME)";
				SDKROOT = iphoneos;
				SWIFT_EMIT_LOC_STRINGS = NO;
				SWIFT_VERSION = 5.0;
				TARGETED_DEVICE_FAMILY = "1,2";
				TEST_TARGET_NAME = "NewsfeedUI (iOS)";
				VALIDATE_PRODUCT = YES;
			};
			name = Release;
		};
		EB0973202BA0D6A000EAD750 /* Debug */ = {
			isa = XCBuildConfiguration;
			buildSettings = {
				ALWAYS_EMBED_SWIFT_STANDARD_LIBRARIES = YES;
				CODE_SIGN_STYLE = Automatic;
				CURRENT_PROJECT_VERSION = 1;
				DEVELOPMENT_TEAM = LXP9GDZP5H;
				GENERATE_INFOPLIST_FILE = YES;
				MACOSX_DEPLOYMENT_TARGET = 12.3;
				MARKETING_VERSION = 1.0;
				PRODUCT_BUNDLE_IDENTIFIER = "mhayesCS.Tests-macOS";
				PRODUCT_NAME = "$(TARGET_NAME)";
				SDKROOT = macosx;
				SWIFT_EMIT_LOC_STRINGS = NO;
				SWIFT_VERSION = 5.0;
				TEST_TARGET_NAME = "NewsfeedUI (macOS)";
			};
			name = Debug;
		};
		EB0973212BA0D6A000EAD750 /* Release */ = {
			isa = XCBuildConfiguration;
			buildSettings = {
				ALWAYS_EMBED_SWIFT_STANDARD_LIBRARIES = YES;
				CODE_SIGN_STYLE = Automatic;
				CURRENT_PROJECT_VERSION = 1;
				DEVELOPMENT_TEAM = LXP9GDZP5H;
				GENERATE_INFOPLIST_FILE = YES;
				MACOSX_DEPLOYMENT_TARGET = 12.3;
				MARKETING_VERSION = 1.0;
				PRODUCT_BUNDLE_IDENTIFIER = "mhayesCS.Tests-macOS";
				PRODUCT_NAME = "$(TARGET_NAME)";
				SDKROOT = macosx;
				SWIFT_EMIT_LOC_STRINGS = NO;
				SWIFT_VERSION = 5.0;
				TEST_TARGET_NAME = "NewsfeedUI (macOS)";
			};
			name = Release;
		};
/* End XCBuildConfiguration section */

/* Begin XCConfigurationList section */
		EB0972E42BA0D69E00EAD750 /* Build configuration list for PBXProject "NewsfeedUI" */ = {
			isa = XCConfigurationList;
			buildConfigurations = (
				EB0973142BA0D6A000EAD750 /* Debug */,
				EB0973152BA0D6A000EAD750 /* Release */,
			);
			defaultConfigurationIsVisible = 0;
			defaultConfigurationName = Release;
		};
		EB0973162BA0D6A000EAD750 /* Build configuration list for PBXNativeTarget "NewsfeedUI (iOS)" */ = {
			isa = XCConfigurationList;
			buildConfigurations = (
				EB0973172BA0D6A000EAD750 /* Debug */,
				EB0973182BA0D6A000EAD750 /* Release */,
			);
			defaultConfigurationIsVisible = 0;
			defaultConfigurationName = Release;
		};
		EB0973192BA0D6A000EAD750 /* Build configuration list for PBXNativeTarget "NewsfeedUI (macOS)" */ = {
			isa = XCConfigurationList;
			buildConfigurations = (
				EB09731A2BA0D6A000EAD750 /* Debug */,
				EB09731B2BA0D6A000EAD750 /* Release */,
			);
			defaultConfigurationIsVisible = 0;
			defaultConfigurationName = Release;
		};
		EB09731C2BA0D6A000EAD750 /* Build configuration list for PBXNativeTarget "Tests iOS" */ = {
			isa = XCConfigurationList;
			buildConfigurations = (
				EB09731D2BA0D6A000EAD750 /* Debug */,
				EB09731E2BA0D6A000EAD750 /* Release */,
			);
			defaultConfigurationIsVisible = 0;
			defaultConfigurationName = Release;
		};
		EB09731F2BA0D6A000EAD750 /* Build configuration list for PBXNativeTarget "Tests macOS" */ = {
			isa = XCConfigurationList;
			buildConfigurations = (
				EB0973202BA0D6A000EAD750 /* Debug */,
				EB0973212BA0D6A000EAD750 /* Release */,
			);
			defaultConfigurationIsVisible = 0;
			defaultConfigurationName = Release;
		};
/* End XCConfigurationList section */
	};
	rootObject = EB0972E12BA0D69E00EAD750 /* Project object */;
}
